
Microsoft Visual Studio Solution File, Format Version 12.00
# Visual Studio Version 17
VisualStudioVersion = 17.0.31612.314
MinimumVisualStudioVersion = 10.0.40219.1
Project("{FAE04EC0-301F-11D3-BF4B-00C04F79EFBC}") = "CSharpExtensions", "Extensions\CSharpExtensions.csproj", "{E664D07D-399C-4875-B756-01BFE6C61249}"
EndProject
Global
	GlobalSection(SolutionConfigurationPlatforms) = preSolution
		Debug|Any CPU = Debug|Any CPU
		Release|Any CPU = Release|Any CPU
	EndGlobalSection
	GlobalSection(ProjectConfigurationPlatforms) = postSolution
		{E664D07D-399C-4875-B756-01BFE6C61249}.Debug|Any CPU.ActiveCfg = Debug|Any CPU
		{E664D07D-399C-4875-B756-01BFE6C61249}.Debug|Any CPU.Build.0 = Debug|Any CPU
		{E664D07D-399C-4875-B756-01BFE6C61249}.Release|Any CPU.ActiveCfg = Release|Any CPU
		{E664D07D-399C-4875-B756-01BFE6C61249}.Release|Any CPU.Build.0 = Release|Any CPU
	EndGlobalSection
	GlobalSection(SolutionProperties) = preSolution
		HideSolutionNode = FALSE
	EndGlobalSection
	GlobalSection(ExtensibilityGlobals) = postSolution
		SolutionGuid = {6AEB14A5-C495-44CB-AEF2-F7D9D4B25720}
	EndGlobalSection
EndGlobal
